// !$*UTF8*$!
{
	archiveVersion = 1;
	classes = {
	};
	objectVersion = 50;
	objects = {

/* Begin PBXBuildFile section */
		2EACB69C2B3E477C5B4BD40C /* Pods_BurgerOffTests.framework in Frameworks */ = {isa = PBXBuildFile; fileRef = E42F8DD21CF01E5BC9DFF55E /* Pods_BurgerOffTests.framework */; };
		371D6B0914D95AC963EADECF /* Pods_BurgerOffUITests.framework in Frameworks */ = {isa = PBXBuildFile; fileRef = A1BEFA080DD7D370A020DF9D /* Pods_BurgerOffUITests.framework */; };
		525E4B642253969600263BFF /* GoogleService-Info.plist in Resources */ = {isa = PBXBuildFile; fileRef = 525E4B632253969600263BFF /* GoogleService-Info.plist */; };
		525E4B6B2253A9CB00263BFF /* SignUp.swift in Sources */ = {isa = PBXBuildFile; fileRef = 525E4B6A2253A9CB00263BFF /* SignUp.swift */; };
		525E4B6D2253AC3F00263BFF /* RoundedImageView.swift in Sources */ = {isa = PBXBuildFile; fileRef = 525E4B6C2253AC3F00263BFF /* RoundedImageView.swift */; };
		525E4B6F2253AD1500263BFF /* RoundedButton.swift in Sources */ = {isa = PBXBuildFile; fileRef = 525E4B6E2253AD1500263BFF /* RoundedButton.swift */; };
		525E4B712253B0A600263BFF /* UIViewControllerExtension.swift in Sources */ = {isa = PBXBuildFile; fileRef = 525E4B702253B0A600263BFF /* UIViewControllerExtension.swift */; };
		526ACCBE225615BD00780058 /* FirebaseService.swift in Sources */ = {isa = PBXBuildFile; fileRef = 526ACCBD225615BD00780058 /* FirebaseService.swift */; };
		526ACCC022561CAF00780058 /* DataModels.swift in Sources */ = {isa = PBXBuildFile; fileRef = 526ACCBF22561CAF00780058 /* DataModels.swift */; };
		526ACCC22256488300780058 /* Home.swift in Sources */ = {isa = PBXBuildFile; fileRef = 526ACCC12256488300780058 /* Home.swift */; };
		526ACCC4225648A200780058 /* UserCell.swift in Sources */ = {isa = PBXBuildFile; fileRef = 526ACCC3225648A200780058 /* UserCell.swift */; };
		526ACCC722564A9500780058 /* ImageViewExtension.swift in Sources */ = {isa = PBXBuildFile; fileRef = 526ACCC622564A9400780058 /* ImageViewExtension.swift */; };
		529B1DE422538F7A002DB27D /* AppDelegate.swift in Sources */ = {isa = PBXBuildFile; fileRef = 529B1DE322538F7A002DB27D /* AppDelegate.swift */; };
		529B1DE622538F7A002DB27D /* SignIn.swift in Sources */ = {isa = PBXBuildFile; fileRef = 529B1DE522538F7A002DB27D /* SignIn.swift */; };
		529B1DE922538F7A002DB27D /* Main.storyboard in Resources */ = {isa = PBXBuildFile; fileRef = 529B1DE722538F7A002DB27D /* Main.storyboard */; };
		529B1DEB22538F7B002DB27D /* Assets.xcassets in Resources */ = {isa = PBXBuildFile; fileRef = 529B1DEA22538F7B002DB27D /* Assets.xcassets */; };
		529B1DEE22538F7B002DB27D /* LaunchScreen.storyboard in Resources */ = {isa = PBXBuildFile; fileRef = 529B1DEC22538F7B002DB27D /* LaunchScreen.storyboard */; };
		529B1DF922538F7B002DB27D /* BurgerOffTests.swift in Sources */ = {isa = PBXBuildFile; fileRef = 529B1DF822538F7B002DB27D /* BurgerOffTests.swift */; };
		529B1E0422538F7B002DB27D /* BurgerOffUITests.swift in Sources */ = {isa = PBXBuildFile; fileRef = 529B1E0322538F7B002DB27D /* BurgerOffUITests.swift */; };
		CBBBFE415702B37D47B0B437 /* Pods_BurgerOff.framework in Frameworks */ = {isa = PBXBuildFile; fileRef = F8AECF260AAB2E9B4C790EAF /* Pods_BurgerOff.framework */; };
/* End PBXBuildFile section */

/* Begin PBXContainerItemProxy section */
		529B1DF522538F7B002DB27D /* PBXContainerItemProxy */ = {
			isa = PBXContainerItemProxy;
			containerPortal = 529B1DD822538F7A002DB27D /* Project object */;
			proxyType = 1;
			remoteGlobalIDString = 529B1DDF22538F7A002DB27D;
			remoteInfo = BurgerOff;
		};
		529B1E0022538F7B002DB27D /* PBXContainerItemProxy */ = {
			isa = PBXContainerItemProxy;
			containerPortal = 529B1DD822538F7A002DB27D /* Project object */;
			proxyType = 1;
			remoteGlobalIDString = 529B1DDF22538F7A002DB27D;
			remoteInfo = BurgerOff;
		};
/* End PBXContainerItemProxy section */

/* Begin PBXFileReference section */
		015FAB997A2C1E847895F7CF /* Pods-BurgerOffTests.debug.xcconfig */ = {isa = PBXFileReference; includeInIndex = 1; lastKnownFileType = text.xcconfig; name = "Pods-BurgerOffTests.debug.xcconfig"; path = "Target Support Files/Pods-BurgerOffTests/Pods-BurgerOffTests.debug.xcconfig"; sourceTree = "<group>"; };
		29067B7797414230CD3D4AB2 /* Pods-BurgerOffTests.release.xcconfig */ = {isa = PBXFileReference; includeInIndex = 1; lastKnownFileType = text.xcconfig; name = "Pods-BurgerOffTests.release.xcconfig"; path = "Target Support Files/Pods-BurgerOffTests/Pods-BurgerOffTests.release.xcconfig"; sourceTree = "<group>"; };
		525E4B632253969600263BFF /* GoogleService-Info.plist */ = {isa = PBXFileReference; fileEncoding = 4; lastKnownFileType = text.plist.xml; path = "GoogleService-Info.plist"; sourceTree = "<group>"; };
		525E4B6A2253A9CB00263BFF /* SignUp.swift */ = {isa = PBXFileReference; lastKnownFileType = sourcecode.swift; path = SignUp.swift; sourceTree = "<group>"; };
		525E4B6C2253AC3F00263BFF /* RoundedImageView.swift */ = {isa = PBXFileReference; lastKnownFileType = sourcecode.swift; path = RoundedImageView.swift; sourceTree = "<group>"; };
		525E4B6E2253AD1500263BFF /* RoundedButton.swift */ = {isa = PBXFileReference; lastKnownFileType = sourcecode.swift; path = RoundedButton.swift; sourceTree = "<group>"; };
		525E4B702253B0A600263BFF /* UIViewControllerExtension.swift */ = {isa = PBXFileReference; lastKnownFileType = sourcecode.swift; path = UIViewControllerExtension.swift; sourceTree = "<group>"; };
		526ACCBD225615BD00780058 /* FirebaseService.swift */ = {isa = PBXFileReference; lastKnownFileType = sourcecode.swift; path = FirebaseService.swift; sourceTree = "<group>"; };
		526ACCBF22561CAF00780058 /* DataModels.swift */ = {isa = PBXFileReference; lastKnownFileType = sourcecode.swift; path = DataModels.swift; sourceTree = "<group>"; };
		526ACCC12256488300780058 /* Home.swift */ = {isa = PBXFileReference; lastKnownFileType = sourcecode.swift; path = Home.swift; sourceTree = "<group>"; };
		526ACCC3225648A200780058 /* UserCell.swift */ = {isa = PBXFileReference; lastKnownFileType = sourcecode.swift; path = UserCell.swift; sourceTree = "<group>"; };
		526ACCC622564A9400780058 /* ImageViewExtension.swift */ = {isa = PBXFileReference; lastKnownFileType = sourcecode.swift; path = ImageViewExtension.swift; sourceTree = "<group>"; };
		529B1DE022538F7A002DB27D /* BurgerOff.app */ = {isa = PBXFileReference; explicitFileType = wrapper.application; includeInIndex = 0; path = BurgerOff.app; sourceTree = BUILT_PRODUCTS_DIR; };
		529B1DE322538F7A002DB27D /* AppDelegate.swift */ = {isa = PBXFileReference; lastKnownFileType = sourcecode.swift; path = AppDelegate.swift; sourceTree = "<group>"; };
		529B1DE522538F7A002DB27D /* SignIn.swift */ = {isa = PBXFileReference; lastKnownFileType = sourcecode.swift; path = SignIn.swift; sourceTree = "<group>"; };
		529B1DE822538F7A002DB27D /* Base */ = {isa = PBXFileReference; lastKnownFileType = file.storyboard; name = Base; path = Base.lproj/Main.storyboard; sourceTree = "<group>"; };
		529B1DEA22538F7B002DB27D /* Assets.xcassets */ = {isa = PBXFileReference; lastKnownFileType = folder.assetcatalog; path = Assets.xcassets; sourceTree = "<group>"; };
		529B1DED22538F7B002DB27D /* Base */ = {isa = PBXFileReference; lastKnownFileType = file.storyboard; name = Base; path = Base.lproj/LaunchScreen.storyboard; sourceTree = "<group>"; };
		529B1DEF22538F7B002DB27D /* Info.plist */ = {isa = PBXFileReference; lastKnownFileType = text.plist.xml; path = Info.plist; sourceTree = "<group>"; };
		529B1DF422538F7B002DB27D /* BurgerOffTests.xctest */ = {isa = PBXFileReference; explicitFileType = wrapper.cfbundle; includeInIndex = 0; path = BurgerOffTests.xctest; sourceTree = BUILT_PRODUCTS_DIR; };
		529B1DF822538F7B002DB27D /* BurgerOffTests.swift */ = {isa = PBXFileReference; lastKnownFileType = sourcecode.swift; path = BurgerOffTests.swift; sourceTree = "<group>"; };
		529B1DFA22538F7B002DB27D /* Info.plist */ = {isa = PBXFileReference; lastKnownFileType = text.plist.xml; path = Info.plist; sourceTree = "<group>"; };
		529B1DFF22538F7B002DB27D /* BurgerOffUITests.xctest */ = {isa = PBXFileReference; explicitFileType = wrapper.cfbundle; includeInIndex = 0; path = BurgerOffUITests.xctest; sourceTree = BUILT_PRODUCTS_DIR; };
		529B1E0322538F7B002DB27D /* BurgerOffUITests.swift */ = {isa = PBXFileReference; lastKnownFileType = sourcecode.swift; path = BurgerOffUITests.swift; sourceTree = "<group>"; };
		529B1E0522538F7B002DB27D /* Info.plist */ = {isa = PBXFileReference; lastKnownFileType = text.plist.xml; path = Info.plist; sourceTree = "<group>"; };
		5D676A8AFFDBFE259C27D209 /* Pods-BurgerOffUITests.release.xcconfig */ = {isa = PBXFileReference; includeInIndex = 1; lastKnownFileType = text.xcconfig; name = "Pods-BurgerOffUITests.release.xcconfig"; path = "Target Support Files/Pods-BurgerOffUITests/Pods-BurgerOffUITests.release.xcconfig"; sourceTree = "<group>"; };
		829BE6268645A7C45CDE688B /* Pods-BurgerOff.debug.xcconfig */ = {isa = PBXFileReference; includeInIndex = 1; lastKnownFileType = text.xcconfig; name = "Pods-BurgerOff.debug.xcconfig"; path = "Target Support Files/Pods-BurgerOff/Pods-BurgerOff.debug.xcconfig"; sourceTree = "<group>"; };
		8D9E648F71E352D95FEC38CE /* Pods-BurgerOff.release.xcconfig */ = {isa = PBXFileReference; includeInIndex = 1; lastKnownFileType = text.xcconfig; name = "Pods-BurgerOff.release.xcconfig"; path = "Target Support Files/Pods-BurgerOff/Pods-BurgerOff.release.xcconfig"; sourceTree = "<group>"; };
		9810961073665EC764D09988 /* Pods-BurgerOffUITests.debug.xcconfig */ = {isa = PBXFileReference; includeInIndex = 1; lastKnownFileType = text.xcconfig; name = "Pods-BurgerOffUITests.debug.xcconfig"; path = "Target Support Files/Pods-BurgerOffUITests/Pods-BurgerOffUITests.debug.xcconfig"; sourceTree = "<group>"; };
		A1BEFA080DD7D370A020DF9D /* Pods_BurgerOffUITests.framework */ = {isa = PBXFileReference; explicitFileType = wrapper.framework; includeInIndex = 0; path = Pods_BurgerOffUITests.framework; sourceTree = BUILT_PRODUCTS_DIR; };
		E42F8DD21CF01E5BC9DFF55E /* Pods_BurgerOffTests.framework */ = {isa = PBXFileReference; explicitFileType = wrapper.framework; includeInIndex = 0; path = Pods_BurgerOffTests.framework; sourceTree = BUILT_PRODUCTS_DIR; };
		F8AECF260AAB2E9B4C790EAF /* Pods_BurgerOff.framework */ = {isa = PBXFileReference; explicitFileType = wrapper.framework; includeInIndex = 0; path = Pods_BurgerOff.framework; sourceTree = BUILT_PRODUCTS_DIR; };
/* End PBXFileReference section */

/* Begin PBXFrameworksBuildPhase section */
		529B1DDD22538F7A002DB27D /* Frameworks */ = {
			isa = PBXFrameworksBuildPhase;
			buildActionMask = 2147483647;
			files = (
				CBBBFE415702B37D47B0B437 /* Pods_BurgerOff.framework in Frameworks */,
			);
			runOnlyForDeploymentPostprocessing = 0;
		};
		529B1DF122538F7B002DB27D /* Frameworks */ = {
			isa = PBXFrameworksBuildPhase;
			buildActionMask = 2147483647;
			files = (
				2EACB69C2B3E477C5B4BD40C /* Pods_BurgerOffTests.framework in Frameworks */,
			);
			runOnlyForDeploymentPostprocessing = 0;
		};
		529B1DFC22538F7B002DB27D /* Frameworks */ = {
			isa = PBXFrameworksBuildPhase;
			buildActionMask = 2147483647;
			files = (
				371D6B0914D95AC963EADECF /* Pods_BurgerOffUITests.framework in Frameworks */,
			);
			runOnlyForDeploymentPostprocessing = 0;
		};
/* End PBXFrameworksBuildPhase section */

/* Begin PBXGroup section */
		525E4B652253978A00263BFF /* Model */ = {
			isa = PBXGroup;
			children = (
				526ACCC522564A8000780058 /* Extensions */,
				526ACCBD225615BD00780058 /* FirebaseService.swift */,
				526ACCBF22561CAF00780058 /* DataModels.swift */,
			);
			path = Model;
			sourceTree = "<group>";
		};
		525E4B66225397A000263BFF /* View */ = {
			isa = PBXGroup;
			children = (
				529B1DEC22538F7B002DB27D /* LaunchScreen.storyboard */,
				529B1DE722538F7A002DB27D /* Main.storyboard */,
				525E4B6C2253AC3F00263BFF /* RoundedImageView.swift */,
				525E4B6E2253AD1500263BFF /* RoundedButton.swift */,
			);
			path = View;
			sourceTree = "<group>";
		};
		525E4B67225397A500263BFF /* Controller */ = {
			isa = PBXGroup;
			children = (
				529B1DE322538F7A002DB27D /* AppDelegate.swift */,
				529B1DE522538F7A002DB27D /* SignIn.swift */,
				525E4B6A2253A9CB00263BFF /* SignUp.swift */,
				526ACCC12256488300780058 /* Home.swift */,
				526ACCC3225648A200780058 /* UserCell.swift */,
			);
			path = Controller;
			sourceTree = "<group>";
		};
		526ACCC522564A8000780058 /* Extensions */ = {
			isa = PBXGroup;
			children = (
				525E4B702253B0A600263BFF /* UIViewControllerExtension.swift */,
				526ACCC622564A9400780058 /* ImageViewExtension.swift */,
			);
			path = Extensions;
			sourceTree = "<group>";
		};
		529B1DD722538F7A002DB27D = {
			isa = PBXGroup;
			children = (
				529B1DE222538F7A002DB27D /* BurgerOff */,
				529B1DF722538F7B002DB27D /* BurgerOffTests */,
				529B1E0222538F7B002DB27D /* BurgerOffUITests */,
				529B1DE122538F7A002DB27D /* Products */,
				C7F7CA2B096AC516A3CAC676 /* Pods */,
				D63BEF19D5D1DF93CDB8FE14 /* Frameworks */,
			);
			sourceTree = "<group>";
		};
		529B1DE122538F7A002DB27D /* Products */ = {
			isa = PBXGroup;
			children = (
				529B1DE022538F7A002DB27D /* BurgerOff.app */,
				529B1DF422538F7B002DB27D /* BurgerOffTests.xctest */,
				529B1DFF22538F7B002DB27D /* BurgerOffUITests.xctest */,
			);
			name = Products;
			sourceTree = "<group>";
		};
		529B1DE222538F7A002DB27D /* BurgerOff */ = {
			isa = PBXGroup;
			children = (
				525E4B652253978A00263BFF /* Model */,
				525E4B66225397A000263BFF /* View */,
				525E4B67225397A500263BFF /* Controller */,
				529B1DEA22538F7B002DB27D /* Assets.xcassets */,
				525E4B632253969600263BFF /* GoogleService-Info.plist */,
				529B1DEF22538F7B002DB27D /* Info.plist */,
			);
			path = BurgerOff;
			sourceTree = "<group>";
		};
		529B1DF722538F7B002DB27D /* BurgerOffTests */ = {
			isa = PBXGroup;
			children = (
				529B1DF822538F7B002DB27D /* BurgerOffTests.swift */,
				529B1DFA22538F7B002DB27D /* Info.plist */,
			);
			path = BurgerOffTests;
			sourceTree = "<group>";
		};
		529B1E0222538F7B002DB27D /* BurgerOffUITests */ = {
			isa = PBXGroup;
			children = (
				529B1E0322538F7B002DB27D /* BurgerOffUITests.swift */,
				529B1E0522538F7B002DB27D /* Info.plist */,
			);
			path = BurgerOffUITests;
			sourceTree = "<group>";
		};
		C7F7CA2B096AC516A3CAC676 /* Pods */ = {
			isa = PBXGroup;
			children = (
				829BE6268645A7C45CDE688B /* Pods-BurgerOff.debug.xcconfig */,
				8D9E648F71E352D95FEC38CE /* Pods-BurgerOff.release.xcconfig */,
				015FAB997A2C1E847895F7CF /* Pods-BurgerOffTests.debug.xcconfig */,
				29067B7797414230CD3D4AB2 /* Pods-BurgerOffTests.release.xcconfig */,
				9810961073665EC764D09988 /* Pods-BurgerOffUITests.debug.xcconfig */,
				5D676A8AFFDBFE259C27D209 /* Pods-BurgerOffUITests.release.xcconfig */,
			);
			path = Pods;
			sourceTree = "<group>";
		};
		D63BEF19D5D1DF93CDB8FE14 /* Frameworks */ = {
			isa = PBXGroup;
			children = (
				F8AECF260AAB2E9B4C790EAF /* Pods_BurgerOff.framework */,
				E42F8DD21CF01E5BC9DFF55E /* Pods_BurgerOffTests.framework */,
				A1BEFA080DD7D370A020DF9D /* Pods_BurgerOffUITests.framework */,
			);
			name = Frameworks;
			sourceTree = "<group>";
		};
/* End PBXGroup section */

/* Begin PBXNativeTarget section */
		529B1DDF22538F7A002DB27D /* BurgerOff */ = {
			isa = PBXNativeTarget;
			buildConfigurationList = 529B1E0822538F7B002DB27D /* Build configuration list for PBXNativeTarget "BurgerOff" */;
			buildPhases = (
				28BE8B29F4E127F867DD168B /* [CP] Check Pods Manifest.lock */,
				529B1DDC22538F7A002DB27D /* Sources */,
				529B1DDD22538F7A002DB27D /* Frameworks */,
				529B1DDE22538F7A002DB27D /* Resources */,
				51E958691C3FCC0CD14C7912 /* [CP] Embed Pods Frameworks */,
			);
			buildRules = (
			);
			dependencies = (
			);
			name = BurgerOff;
			productName = BurgerOff;
			productReference = 529B1DE022538F7A002DB27D /* BurgerOff.app */;
			productType = "com.apple.product-type.application";
		};
		529B1DF322538F7B002DB27D /* BurgerOffTests */ = {
			isa = PBXNativeTarget;
			buildConfigurationList = 529B1E0B22538F7B002DB27D /* Build configuration list for PBXNativeTarget "BurgerOffTests" */;
			buildPhases = (
				104368C2E6D5BFFBAB946FE3 /* [CP] Check Pods Manifest.lock */,
				529B1DF022538F7B002DB27D /* Sources */,
				529B1DF122538F7B002DB27D /* Frameworks */,
				529B1DF222538F7B002DB27D /* Resources */,
			);
			buildRules = (
			);
			dependencies = (
				529B1DF622538F7B002DB27D /* PBXTargetDependency */,
			);
			name = BurgerOffTests;
			productName = BurgerOffTests;
			productReference = 529B1DF422538F7B002DB27D /* BurgerOffTests.xctest */;
			productType = "com.apple.product-type.bundle.unit-test";
		};
		529B1DFE22538F7B002DB27D /* BurgerOffUITests */ = {
			isa = PBXNativeTarget;
			buildConfigurationList = 529B1E0E22538F7B002DB27D /* Build configuration list for PBXNativeTarget "BurgerOffUITests" */;
			buildPhases = (
				6E39308EF32C007B15A902FC /* [CP] Check Pods Manifest.lock */,
				529B1DFB22538F7B002DB27D /* Sources */,
				529B1DFC22538F7B002DB27D /* Frameworks */,
				529B1DFD22538F7B002DB27D /* Resources */,
			);
			buildRules = (
			);
			dependencies = (
				529B1E0122538F7B002DB27D /* PBXTargetDependency */,
			);
			name = BurgerOffUITests;
			productName = BurgerOffUITests;
			productReference = 529B1DFF22538F7B002DB27D /* BurgerOffUITests.xctest */;
			productType = "com.apple.product-type.bundle.ui-testing";
		};
/* End PBXNativeTarget section */

/* Begin PBXProject section */
		529B1DD822538F7A002DB27D /* Project object */ = {
			isa = PBXProject;
			attributes = {
				LastSwiftUpdateCheck = 1010;
				LastUpgradeCheck = 1010;
				ORGANIZATIONNAME = JoshInc;
				TargetAttributes = {
					529B1DDF22538F7A002DB27D = {
						CreatedOnToolsVersion = 10.1;
					};
					529B1DF322538F7B002DB27D = {
						CreatedOnToolsVersion = 10.1;
						TestTargetID = 529B1DDF22538F7A002DB27D;
					};
					529B1DFE22538F7B002DB27D = {
						CreatedOnToolsVersion = 10.1;
						TestTargetID = 529B1DDF22538F7A002DB27D;
					};
				};
			};
			buildConfigurationList = 529B1DDB22538F7A002DB27D /* Build configuration list for PBXProject "BurgerOff" */;
			compatibilityVersion = "Xcode 9.3";
			developmentRegion = en;
			hasScannedForEncodings = 0;
			knownRegions = (
				en,
				Base,
			);
			mainGroup = 529B1DD722538F7A002DB27D;
			productRefGroup = 529B1DE122538F7A002DB27D /* Products */;
			projectDirPath = "";
			projectRoot = "";
			targets = (
				529B1DDF22538F7A002DB27D /* BurgerOff */,
				529B1DF322538F7B002DB27D /* BurgerOffTests */,
				529B1DFE22538F7B002DB27D /* BurgerOffUITests */,
			);
		};
/* End PBXProject section */

/* Begin PBXResourcesBuildPhase section */
		529B1DDE22538F7A002DB27D /* Resources */ = {
			isa = PBXResourcesBuildPhase;
			buildActionMask = 2147483647;
			files = (
				529B1DEE22538F7B002DB27D /* LaunchScreen.storyboard in Resources */,
				525E4B642253969600263BFF /* GoogleService-Info.plist in Resources */,
				529B1DEB22538F7B002DB27D /* Assets.xcassets in Resources */,
				529B1DE922538F7A002DB27D /* Main.storyboard in Resources */,
			);
			runOnlyForDeploymentPostprocessing = 0;
		};
		529B1DF222538F7B002DB27D /* Resources */ = {
			isa = PBXResourcesBuildPhase;
			buildActionMask = 2147483647;
			files = (
			);
			runOnlyForDeploymentPostprocessing = 0;
		};
		529B1DFD22538F7B002DB27D /* Resources */ = {
			isa = PBXResourcesBuildPhase;
			buildActionMask = 2147483647;
			files = (
			);
			runOnlyForDeploymentPostprocessing = 0;
		};
/* End PBXResourcesBuildPhase section */

/* Begin PBXShellScriptBuildPhase section */
		104368C2E6D5BFFBAB946FE3 /* [CP] Check Pods Manifest.lock */ = {
			isa = PBXShellScriptBuildPhase;
			buildActionMask = 2147483647;
			files = (
			);
			inputFileListPaths = (
			);
			inputPaths = (
				"${PODS_PODFILE_DIR_PATH}/Podfile.lock",
				"${PODS_ROOT}/Manifest.lock",
			);
			name = "[CP] Check Pods Manifest.lock";
			outputFileListPaths = (
			);
			outputPaths = (
				"$(DERIVED_FILE_DIR)/Pods-BurgerOffTests-checkManifestLockResult.txt",
			);
			runOnlyForDeploymentPostprocessing = 0;
			shellPath = /bin/sh;
			shellScript = "diff \"${PODS_PODFILE_DIR_PATH}/Podfile.lock\" \"${PODS_ROOT}/Manifest.lock\" > /dev/null\nif [ $? != 0 ] ; then\n    # print error to STDERR\n    echo \"error: The sandbox is not in sync with the Podfile.lock. Run 'pod install' or update your CocoaPods installation.\" >&2\n    exit 1\nfi\n# This output is used by Xcode 'outputs' to avoid re-running this script phase.\necho \"SUCCESS\" > \"${SCRIPT_OUTPUT_FILE_0}\"\n";
			showEnvVarsInLog = 0;
		};
		28BE8B29F4E127F867DD168B /* [CP] Check Pods Manifest.lock */ = {
			isa = PBXShellScriptBuildPhase;
			buildActionMask = 2147483647;
			files = (
			);
			inputFileListPaths = (
			);
			inputPaths = (
				"${PODS_PODFILE_DIR_PATH}/Podfile.lock",
				"${PODS_ROOT}/Manifest.lock",
			);
			name = "[CP] Check Pods Manifest.lock";
			outputFileListPaths = (
			);
			outputPaths = (
				"$(DERIVED_FILE_DIR)/Pods-BurgerOff-checkManifestLockResult.txt",
			);
			runOnlyForDeploymentPostprocessing = 0;
			shellPath = /bin/sh;
			shellScript = "diff \"${PODS_PODFILE_DIR_PATH}/Podfile.lock\" \"${PODS_ROOT}/Manifest.lock\" > /dev/null\nif [ $? != 0 ] ; then\n    # print error to STDERR\n    echo \"error: The sandbox is not in sync with the Podfile.lock. Run 'pod install' or update your CocoaPods installation.\" >&2\n    exit 1\nfi\n# This output is used by Xcode 'outputs' to avoid re-running this script phase.\necho \"SUCCESS\" > \"${SCRIPT_OUTPUT_FILE_0}\"\n";
			showEnvVarsInLog = 0;
		};
		51E958691C3FCC0CD14C7912 /* [CP] Embed Pods Frameworks */ = {
			isa = PBXShellScriptBuildPhase;
			buildActionMask = 2147483647;
			files = (
			);
			inputFileListPaths = (
			);
			inputPaths = (
				"${PODS_ROOT}/Target Support Files/Pods-BurgerOff/Pods-BurgerOff-frameworks.sh",
				"${BUILT_PRODUCTS_DIR}/Alamofire/Alamofire.framework",
				"${BUILT_PRODUCTS_DIR}/Bolts/Bolts.framework",
				"${BUILT_PRODUCTS_DIR}/FBSDKCoreKit/FBSDKCoreKit.framework",
				"${BUILT_PRODUCTS_DIR}/FBSDKLoginKit/FBSDKLoginKit.framework",
				"${BUILT_PRODUCTS_DIR}/GTMSessionFetcher/GTMSessionFetcher.framework",
				"${BUILT_PRODUCTS_DIR}/GoogleToolboxForMac/GoogleToolboxForMac.framework",
				"${BUILT_PRODUCTS_DIR}/IQKeyboardManagerSwift/IQKeyboardManagerSwift.framework",
				"${BUILT_PRODUCTS_DIR}/KVLoading/KVLoading.framework",
				"${BUILT_PRODUCTS_DIR}/Protobuf/Protobuf.framework",
				"${BUILT_PRODUCTS_DIR}/SwiftKeychainWrapper/SwiftKeychainWrapper.framework",
				"${BUILT_PRODUCTS_DIR}/lottie-ios/Lottie.framework",
			);
			name = "[CP] Embed Pods Frameworks";
			outputFileListPaths = (
			);
			outputPaths = (
				"${TARGET_BUILD_DIR}/${FRAMEWORKS_FOLDER_PATH}/Alamofire.framework",
				"${TARGET_BUILD_DIR}/${FRAMEWORKS_FOLDER_PATH}/Bolts.framework",
				"${TARGET_BUILD_DIR}/${FRAMEWORKS_FOLDER_PATH}/FBSDKCoreKit.framework",
				"${TARGET_BUILD_DIR}/${FRAMEWORKS_FOLDER_PATH}/FBSDKLoginKit.framework",
				"${TARGET_BUILD_DIR}/${FRAMEWORKS_FOLDER_PATH}/GTMSessionFetcher.framework",
				"${TARGET_BUILD_DIR}/${FRAMEWORKS_FOLDER_PATH}/GoogleToolboxForMac.framework",
				"${TARGET_BUILD_DIR}/${FRAMEWORKS_FOLDER_PATH}/IQKeyboardManagerSwift.framework",
				"${TARGET_BUILD_DIR}/${FRAMEWORKS_FOLDER_PATH}/KVLoading.framework",
				"${TARGET_BUILD_DIR}/${FRAMEWORKS_FOLDER_PATH}/Protobuf.framework",
				"${TARGET_BUILD_DIR}/${FRAMEWORKS_FOLDER_PATH}/SwiftKeychainWrapper.framework",
				"${TARGET_BUILD_DIR}/${FRAMEWORKS_FOLDER_PATH}/Lottie.framework",
			);
			runOnlyForDeploymentPostprocessing = 0;
			shellPath = /bin/sh;
			shellScript = "\"${PODS_ROOT}/Target Support Files/Pods-BurgerOff/Pods-BurgerOff-frameworks.sh\"\n";
			showEnvVarsInLog = 0;
		};
		6E39308EF32C007B15A902FC /* [CP] Check Pods Manifest.lock */ = {
			isa = PBXShellScriptBuildPhase;
			buildActionMask = 2147483647;
			files = (
			);
			inputFileListPaths = (
			);
			inputPaths = (
				"${PODS_PODFILE_DIR_PATH}/Podfile.lock",
				"${PODS_ROOT}/Manifest.lock",
			);
			name = "[CP] Check Pods Manifest.lock";
			outputFileListPaths = (
			);
			outputPaths = (
				"$(DERIVED_FILE_DIR)/Pods-BurgerOffUITests-checkManifestLockResult.txt",
			);
			runOnlyForDeploymentPostprocessing = 0;
			shellPath = /bin/sh;
			shellScript = "diff \"${PODS_PODFILE_DIR_PATH}/Podfile.lock\" \"${PODS_ROOT}/Manifest.lock\" > /dev/null\nif [ $? != 0 ] ; then\n    # print error to STDERR\n    echo \"error: The sandbox is not in sync with the Podfile.lock. Run 'pod install' or update your CocoaPods installation.\" >&2\n    exit 1\nfi\n# This output is used by Xcode 'outputs' to avoid re-running this script phase.\necho \"SUCCESS\" > \"${SCRIPT_OUTPUT_FILE_0}\"\n";
			showEnvVarsInLog = 0;
		};
/* End PBXShellScriptBuildPhase section */

/* Begin PBXSourcesBuildPhase section */
		529B1DDC22538F7A002DB27D /* Sources */ = {
			isa = PBXSourcesBuildPhase;
			buildActionMask = 2147483647;
			files = (
				526ACCC022561CAF00780058 /* DataModels.swift in Sources */,
				525E4B6D2253AC3F00263BFF /* RoundedImageView.swift in Sources */,
				525E4B6F2253AD1500263BFF /* RoundedButton.swift in Sources */,
				525E4B712253B0A600263BFF /* UIViewControllerExtension.swift in Sources */,
				526ACCC22256488300780058 /* Home.swift in Sources */,
				526ACCC722564A9500780058 /* ImageViewExtension.swift in Sources */,
				529B1DE622538F7A002DB27D /* SignIn.swift in Sources */,
				526ACCBE225615BD00780058 /* FirebaseService.swift in Sources */,
				525E4B6B2253A9CB00263BFF /* SignUp.swift in Sources */,
				526ACCC4225648A200780058 /* UserCell.swift in Sources */,
				529B1DE422538F7A002DB27D /* AppDelegate.swift in Sources */,
			);
			runOnlyForDeploymentPostprocessing = 0;
		};
		529B1DF022538F7B002DB27D /* Sources */ = {
			isa = PBXSourcesBuildPhase;
			buildActionMask = 2147483647;
			files = (
				529B1DF922538F7B002DB27D /* BurgerOffTests.swift in Sources */,
			);
			runOnlyForDeploymentPostprocessing = 0;
		};
		529B1DFB22538F7B002DB27D /* Sources */ = {
			isa = PBXSourcesBuildPhase;
			buildActionMask = 2147483647;
			files = (
				529B1E0422538F7B002DB27D /* BurgerOffUITests.swift in Sources */,
			);
			runOnlyForDeploymentPostprocessing = 0;
		};
/* End PBXSourcesBuildPhase section */

/* Begin PBXTargetDependency section */
		529B1DF622538F7B002DB27D /* PBXTargetDependency */ = {
			isa = PBXTargetDependency;
			target = 529B1DDF22538F7A002DB27D /* BurgerOff */;
			targetProxy = 529B1DF522538F7B002DB27D /* PBXContainerItemProxy */;
		};
		529B1E0122538F7B002DB27D /* PBXTargetDependency */ = {
			isa = PBXTargetDependency;
			target = 529B1DDF22538F7A002DB27D /* BurgerOff */;
			targetProxy = 529B1E0022538F7B002DB27D /* PBXContainerItemProxy */;
		};
/* End PBXTargetDependency section */

/* Begin PBXVariantGroup section */
		529B1DE722538F7A002DB27D /* Main.storyboard */ = {
			isa = PBXVariantGroup;
			children = (
				529B1DE822538F7A002DB27D /* Base */,
			);
			name = Main.storyboard;
			sourceTree = "<group>";
		};
		529B1DEC22538F7B002DB27D /* LaunchScreen.storyboard */ = {
			isa = PBXVariantGroup;
			children = (
				529B1DED22538F7B002DB27D /* Base */,
			);
			name = LaunchScreen.storyboard;
			sourceTree = "<group>";
		};
/* End PBXVariantGroup section */

/* Begin XCBuildConfiguration section */
		529B1E0622538F7B002DB27D /* Debug */ = {
			isa = XCBuildConfiguration;
			buildSettings = {
				ALWAYS_SEARCH_USER_PATHS = NO;
				CLANG_ANALYZER_NONNULL = YES;
				CLANG_ANALYZER_NUMBER_OBJECT_CONVERSION = YES_AGGRESSIVE;
				CLANG_CXX_LANGUAGE_STANDARD = "gnu++14";
				CLANG_CXX_LIBRARY = "libc++";
				CLANG_ENABLE_MODULES = YES;
				CLANG_ENABLE_OBJC_ARC = YES;
				CLANG_ENABLE_OBJC_WEAK = YES;
				CLANG_WARN_BLOCK_CAPTURE_AUTORELEASING = YES;
				CLANG_WARN_BOOL_CONVERSION = YES;
				CLANG_WARN_COMMA = YES;
				CLANG_WARN_CONSTANT_CONVERSION = YES;
				CLANG_WARN_DEPRECATED_OBJC_IMPLEMENTATIONS = YES;
				CLANG_WARN_DIRECT_OBJC_ISA_USAGE = YES_ERROR;
				CLANG_WARN_DOCUMENTATION_COMMENTS = YES;
				CLANG_WARN_EMPTY_BODY = YES;
				CLANG_WARN_ENUM_CONVERSION = YES;
				CLANG_WARN_INFINITE_RECURSION = YES;
				CLANG_WARN_INT_CONVERSION = YES;
				CLANG_WARN_NON_LITERAL_NULL_CONVERSION = YES;
				CLANG_WARN_OBJC_IMPLICIT_RETAIN_SELF = YES;
				CLANG_WARN_OBJC_LITERAL_CONVERSION = YES;
				CLANG_WARN_OBJC_ROOT_CLASS = YES_ERROR;
				CLANG_WARN_RANGE_LOOP_ANALYSIS = YES;
				CLANG_WARN_STRICT_PROTOTYPES = YES;
				CLANG_WARN_SUSPICIOUS_MOVE = YES;
				CLANG_WARN_UNGUARDED_AVAILABILITY = YES_AGGRESSIVE;
				CLANG_WARN_UNREACHABLE_CODE = YES;
				CLANG_WARN__DUPLICATE_METHOD_MATCH = YES;
				CODE_SIGN_IDENTITY = "iPhone Developer";
				COPY_PHASE_STRIP = NO;
				DEBUG_INFORMATION_FORMAT = dwarf;
				ENABLE_STRICT_OBJC_MSGSEND = YES;
				ENABLE_TESTABILITY = YES;
				GCC_C_LANGUAGE_STANDARD = gnu11;
				GCC_DYNAMIC_NO_PIC = NO;
				GCC_NO_COMMON_BLOCKS = YES;
				GCC_OPTIMIZATION_LEVEL = 0;
				GCC_PREPROCESSOR_DEFINITIONS = (
					"DEBUG=1",
					"$(inherited)",
				);
				GCC_WARN_64_TO_32_BIT_CONVERSION = YES;
				GCC_WARN_ABOUT_RETURN_TYPE = YES_ERROR;
				GCC_WARN_UNDECLARED_SELECTOR = YES;
				GCC_WARN_UNINITIALIZED_AUTOS = YES_AGGRESSIVE;
				GCC_WARN_UNUSED_FUNCTION = YES;
				GCC_WARN_UNUSED_VARIABLE = YES;
				IPHONEOS_DEPLOYMENT_TARGET = 12.1;
				MTL_ENABLE_DEBUG_INFO = INCLUDE_SOURCE;
				MTL_FAST_MATH = YES;
				ONLY_ACTIVE_ARCH = YES;
				SDKROOT = iphoneos;
				SWIFT_ACTIVE_COMPILATION_CONDITIONS = DEBUG;
				SWIFT_OPTIMIZATION_LEVEL = "-Onone";
			};
			name = Debug;
		};
		529B1E0722538F7B002DB27D /* Release */ = {
			isa = XCBuildConfiguration;
			buildSettings = {
				ALWAYS_SEARCH_USER_PATHS = NO;
				CLANG_ANALYZER_NONNULL = YES;
				CLANG_ANALYZER_NUMBER_OBJECT_CONVERSION = YES_AGGRESSIVE;
				CLANG_CXX_LANGUAGE_STANDARD = "gnu++14";
				CLANG_CXX_LIBRARY = "libc++";
				CLANG_ENABLE_MODULES = YES;
				CLANG_ENABLE_OBJC_ARC = YES;
				CLANG_ENABLE_OBJC_WEAK = YES;
				CLANG_WARN_BLOCK_CAPTURE_AUTORELEASING = YES;
				CLANG_WARN_BOOL_CONVERSION = YES;
				CLANG_WARN_COMMA = YES;
				CLANG_WARN_CONSTANT_CONVERSION = YES;
				CLANG_WARN_DEPRECATED_OBJC_IMPLEMENTATIONS = YES;
				CLANG_WARN_DIRECT_OBJC_ISA_USAGE = YES_ERROR;
				CLANG_WARN_DOCUMENTATION_COMMENTS = YES;
				CLANG_WARN_EMPTY_BODY = YES;
				CLANG_WARN_ENUM_CONVERSION = YES;
				CLANG_WARN_INFINITE_RECURSION = YES;
				CLANG_WARN_INT_CONVERSION = YES;
				CLANG_WARN_NON_LITERAL_NULL_CONVERSION = YES;
				CLANG_WARN_OBJC_IMPLICIT_RETAIN_SELF = YES;
				CLANG_WARN_OBJC_LITERAL_CONVERSION = YES;
				CLANG_WARN_OBJC_ROOT_CLASS = YES_ERROR;
				CLANG_WARN_RANGE_LOOP_ANALYSIS = YES;
				CLANG_WARN_STRICT_PROTOTYPES = YES;
				CLANG_WARN_SUSPICIOUS_MOVE = YES;
				CLANG_WARN_UNGUARDED_AVAILABILITY = YES_AGGRESSIVE;
				CLANG_WARN_UNREACHABLE_CODE = YES;
				CLANG_WARN__DUPLICATE_METHOD_MATCH = YES;
				CODE_SIGN_IDENTITY = "iPhone Developer";
				COPY_PHASE_STRIP = NO;
				DEBUG_INFORMATION_FORMAT = "dwarf-with-dsym";
				ENABLE_NS_ASSERTIONS = NO;
				ENABLE_STRICT_OBJC_MSGSEND = YES;
				GCC_C_LANGUAGE_STANDARD = gnu11;
				GCC_NO_COMMON_BLOCKS = YES;
				GCC_WARN_64_TO_32_BIT_CONVERSION = YES;
				GCC_WARN_ABOUT_RETURN_TYPE = YES_ERROR;
				GCC_WARN_UNDECLARED_SELECTOR = YES;
				GCC_WARN_UNINITIALIZED_AUTOS = YES_AGGRESSIVE;
				GCC_WARN_UNUSED_FUNCTION = YES;
				GCC_WARN_UNUSED_VARIABLE = YES;
				IPHONEOS_DEPLOYMENT_TARGET = 12.1;
				MTL_ENABLE_DEBUG_INFO = NO;
				MTL_FAST_MATH = YES;
				SDKROOT = iphoneos;
				SWIFT_COMPILATION_MODE = wholemodule;
				SWIFT_OPTIMIZATION_LEVEL = "-O";
				VALIDATE_PRODUCT = YES;
			};
			name = Release;
		};
		529B1E0922538F7B002DB27D /* Debug */ = {
			isa = XCBuildConfiguration;
			baseConfigurationReference = 829BE6268645A7C45CDE688B /* Pods-BurgerOff.debug.xcconfig */;
			buildSettings = {
				ASSETCATALOG_COMPILER_APPICON_NAME = AppIcon;
				CODE_SIGN_STYLE = Automatic;
				DEVELOPMENT_TEAM = 6A667BT45Y;
				INFOPLIST_FILE = BurgerOff/Info.plist;
				LD_RUNPATH_SEARCH_PATHS = (
					"$(inherited)",
					"@executable_path/Frameworks",
				);
				PRODUCT_BUNDLE_IDENTIFIER = joshinc.BurgerOff;
				PRODUCT_NAME = "$(TARGET_NAME)";
				SWIFT_VERSION = 4.2;
				TARGETED_DEVICE_FAMILY = "1,2";
			};
			name = Debug;
		};
		529B1E0A22538F7B002DB27D /* Release */ = {
			isa = XCBuildConfiguration;
			baseConfigurationReference = 8D9E648F71E352D95FEC38CE /* Pods-BurgerOff.release.xcconfig */;
			buildSettings = {
				ASSETCATALOG_COMPILER_APPICON_NAME = AppIcon;
				CODE_SIGN_STYLE = Automatic;
				DEVELOPMENT_TEAM = 6A667BT45Y;
				INFOPLIST_FILE = BurgerOff/Info.plist;
				LD_RUNPATH_SEARCH_PATHS = (
					"$(inherited)",
					"@executable_path/Frameworks",
				);
				PRODUCT_BUNDLE_IDENTIFIER = joshinc.BurgerOff;
				PRODUCT_NAME = "$(TARGET_NAME)";
				SWIFT_VERSION = 4.2;
				TARGETED_DEVICE_FAMILY = "1,2";
			};
			name = Release;
		};
		529B1E0C22538F7B002DB27D /* Debug */ = {
			isa = XCBuildConfiguration;
			baseConfigurationReference = 015FAB997A2C1E847895F7CF /* Pods-BurgerOffTests.debug.xcconfig */;
			buildSettings = {
				ALWAYS_EMBED_SWIFT_STANDARD_LIBRARIES = YES;
				BUNDLE_LOADER = "$(TEST_HOST)";
				CODE_SIGN_STYLE = Automatic;
				DEVELOPMENT_TEAM = 6A667BT45Y;
				INFOPLIST_FILE = BurgerOffTests/Info.plist;
				LD_RUNPATH_SEARCH_PATHS = (
					"$(inherited)",
					"@executable_path/Frameworks",
					"@loader_path/Frameworks",
				);
				PRODUCT_BUNDLE_IDENTIFIER = joshinc.BurgerOffTests;
				PRODUCT_NAME = "$(TARGET_NAME)";
				SWIFT_VERSION = 4.2;
				TARGETED_DEVICE_FAMILY = "1,2";
				TEST_HOST = "$(BUILT_PRODUCTS_DIR)/BurgerOff.app/BurgerOff";
			};
			name = Debug;
		};
		529B1E0D22538F7B002DB27D /* Release */ = {
			isa = XCBuildConfiguration;
			baseConfigurationReference = 29067B7797414230CD3D4AB2 /* Pods-BurgerOffTests.release.xcconfig */;
			buildSettings = {
				ALWAYS_EMBED_SWIFT_STANDARD_LIBRARIES = YES;
				BUNDLE_LOADER = "$(TEST_HOST)";
				CODE_SIGN_STYLE = Automatic;
				DEVELOPMENT_TEAM = 6A667BT45Y;
				INFOPLIST_FILE = BurgerOffTests/Info.plist;
				LD_RUNPATH_SEARCH_PATHS = (
					"$(inherited)",
					"@executable_path/Frameworks",
					"@loader_path/Frameworks",
				);
				PRODUCT_BUNDLE_IDENTIFIER = joshinc.BurgerOffTests;
				PRODUCT_NAME = "$(TARGET_NAME)";
				SWIFT_VERSION = 4.2;
				TARGETED_DEVICE_FAMILY = "1,2";
				TEST_HOST = "$(BUILT_PRODUCTS_DIR)/BurgerOff.app/BurgerOff";
			};
			name = Release;
		};
		529B1E0F22538F7B002DB27D /* Debug */ = {
			isa = XCBuildConfiguration;
			baseConfigurationReference = 9810961073665EC764D09988 /* Pods-BurgerOffUITests.debug.xcconfig */;
			buildSettings = {
				ALWAYS_EMBED_SWIFT_STANDARD_LIBRARIES = YES;
				CODE_SIGN_STYLE = Automatic;
				DEVELOPMENT_TEAM = 6A667BT45Y;
				INFOPLIST_FILE = BurgerOffUITests/Info.plist;
				LD_RUNPATH_SEARCH_PATHS = (
					"$(inherited)",
					"@executable_path/Frameworks",
					"@loader_path/Frameworks",
				);
				PRODUCT_BUNDLE_IDENTIFIER = joshinc.BurgerOffUITests;
				PRODUCT_NAME = "$(TARGET_NAME)";
				SWIFT_VERSION = 4.2;
				TARGETED_DEVICE_FAMILY = "1,2";
				TEST_TARGET_NAME = BurgerOff;
			};
			name = Debug;
		};
		529B1E1022538F7B002DB27D /* Release */ = {
			isa = XCBuildConfiguration;
			baseConfigurationReference = 5D676A8AFFDBFE259C27D209 /* Pods-BurgerOffUITests.release.xcconfig */;
			buildSettings = {
				ALWAYS_EMBED_SWIFT_STANDARD_LIBRARIES = YES;
				CODE_SIGN_STYLE = Automatic;
				DEVELOPMENT_TEAM = 6A667BT45Y;
				INFOPLIST_FILE = BurgerOffUITests/Info.plist;
				LD_RUNPATH_SEARCH_PATHS = (
					"$(inherited)",
					"@executable_path/Frameworks",
					"@loader_path/Frameworks",
				);
				PRODUCT_BUNDLE_IDENTIFIER = joshinc.BurgerOffUITests;
				PRODUCT_NAME = "$(TARGET_NAME)";
				SWIFT_VERSION = 4.2;
				TARGETED_DEVICE_FAMILY = "1,2";
				TEST_TARGET_NAME = BurgerOff;
			};
			name = Release;
		};
/* End XCBuildConfiguration section */

/* Begin XCConfigurationList section */
		529B1DDB22538F7A002DB27D /* Build configuration list for PBXProject "BurgerOff" */ = {
			isa = XCConfigurationList;
			buildConfigurations = (
				529B1E0622538F7B002DB27D /* Debug */,
				529B1E0722538F7B002DB27D /* Release */,
			);
			defaultConfigurationIsVisible = 0;
			defaultConfigurationName = Release;
		};
		529B1E0822538F7B002DB27D /* Build configuration list for PBXNativeTarget "BurgerOff" */ = {
			isa = XCConfigurationList;
			buildConfigurations = (
				529B1E0922538F7B002DB27D /* Debug */,
				529B1E0A22538F7B002DB27D /* Release */,
			);
			defaultConfigurationIsVisible = 0;
			defaultConfigurationName = Release;
		};
		529B1E0B22538F7B002DB27D /* Build configuration list for PBXNativeTarget "BurgerOffTests" */ = {
			isa = XCConfigurationList;
			buildConfigurations = (
				529B1E0C22538F7B002DB27D /* Debug */,
				529B1E0D22538F7B002DB27D /* Release */,
			);
			defaultConfigurationIsVisible = 0;
			defaultConfigurationName = Release;
		};
		529B1E0E22538F7B002DB27D /* Build configuration list for PBXNativeTarget "BurgerOffUITests" */ = {
			isa = XCConfigurationList;
			buildConfigurations = (
				529B1E0F22538F7B002DB27D /* Debug */,
				529B1E1022538F7B002DB27D /* Release */,
			);
			defaultConfigurationIsVisible = 0;
			defaultConfigurationName = Release;
		};
/* End XCConfigurationList section */
	};
	rootObject = 529B1DD822538F7A002DB27D /* Project object */;
}
